
Microsoft Visual Studio Solution File, Format Version 12.00
# Visual Studio Version 17
VisualStudioVersion = 17.0.31903.59
MinimumVisualStudioVersion = 10.0.40219.1
Project("{FAE04EC0-301F-11D3-BF4B-00C04F79EFBC}") = "MottuLocation", "MottuLocation.csproj", "{FBE59B89-8AE8-44E0-80B5-0B2352BDB697}"
EndProject
Project("{FAE04EC0-301F-11D3-BF4B-00C04F79EFBC}") = "MottuLocation.Tests", "MottuLocation.Tests\MottuLocation.Tests.csproj", "{2BB8CA74-3FF7-4555-B7D5-277E6439C995}"
EndProject
Global
	GlobalSection(SolutionConfigurationPlatforms) = preSolution
		Debug|Any CPU = Debug|Any CPU
		Release|Any CPU = Release|Any CPU
	EndGlobalSection
	GlobalSection(SolutionProperties) = preSolution
		HideSolutionNode = FALSE
	EndGlobalSection
	GlobalSection(ProjectConfigurationPlatforms) = postSolution
		{FBE59B89-8AE8-44E0-80B5-0B2352BDB697}.Debug|Any CPU.ActiveCfg = Debug|Any CPU
		{FBE59B89-8AE8-44E0-80B5-0B2352BDB697}.Debug|Any CPU.Build.0 = Debug|Any CPU
		{FBE59B89-8AE8-44E0-80B5-0B2352BDB697}.Release|Any CPU.ActiveCfg = Release|Any CPU
		{FBE59B89-8AE8-44E0-80B5-0B2352BDB697}.Release|Any CPU.Build.0 = Release|Any CPU
		{2BB8CA74-3FF7-4555-B7D5-277E6439C995}.Debug|Any CPU.ActiveCfg = Debug|Any CPU
		{2BB8CA74-3FF7-4555-B7D5-277E6439C995}.Debug|Any CPU.Build.0 = Debug|Any CPU
		{2BB8CA74-3FF7-4555-B7D5-277E6439C995}.Release|Any CPU.ActiveCfg = Release|Any CPU
		{2BB8CA74-3FF7-4555-B7D5-277E6439C995}.Release|Any CPU.Build.0 = Release|Any CPU
	EndGlobalSection
EndGlobal
